
Microsoft Visual Studio Solution File, Format Version 12.00
# Visual Studio 2012
Project("{FAE04EC0-301F-11D3-BF4B-00C04F79EFBC}") = "JunkBot", "JunkBot\JunkBot.csproj", "{4015B38C-EEA4-4F18-B652-4C2DCC831C43}"
EndProject
Project("{FAE04EC0-301F-11D3-BF4B-00C04F79EFBC}") = "Plugins", "BusinessLayer\Plugins.csproj", "{FB32BCB6-8248-4AA0-AEEF-0880FF63225A}"
EndProject
Global
	GlobalSection(SolutionConfigurationPlatforms) = preSolution
		Debug|Any CPU = Debug|Any CPU
		Release|Any CPU = Release|Any CPU
	EndGlobalSection
	GlobalSection(ProjectConfigurationPlatforms) = postSolution
		{4015B38C-EEA4-4F18-B652-4C2DCC831C43}.Debug|Any CPU.ActiveCfg = Debug|Any CPU
		{4015B38C-EEA4-4F18-B652-4C2DCC831C43}.Debug|Any CPU.Build.0 = Debug|Any CPU
		{4015B38C-EEA4-4F18-B652-4C2DCC831C43}.Release|Any CPU.ActiveCfg = Release|Any CPU
		{4015B38C-EEA4-4F18-B652-4C2DCC831C43}.Release|Any CPU.Build.0 = Release|Any CPU
		{FB32BCB6-8248-4AA0-AEEF-0880FF63225A}.Debug|Any CPU.ActiveCfg = Debug|Any CPU
		{FB32BCB6-8248-4AA0-AEEF-0880FF63225A}.Debug|Any CPU.Build.0 = Debug|Any CPU
		{FB32BCB6-8248-4AA0-AEEF-0880FF63225A}.Release|Any CPU.ActiveCfg = Release|Any CPU
		{FB32BCB6-8248-4AA0-AEEF-0880FF63225A}.Release|Any CPU.Build.0 = Release|Any CPU
	EndGlobalSection
	GlobalSection(SolutionProperties) = preSolution
		HideSolutionNode = FALSE
	EndGlobalSection
EndGlobal
